// !$*UTF8*$!
{
	archiveVersion = 1;
	classes = {
	};
	objectVersion = 50;
	objects = {

/* Begin PBXBuildFile section */
		78D2AAEC20925DC700FBC72B /* AppDelegate.swift in Sources */ = {isa = PBXBuildFile; fileRef = 78D2AAEB20925DC700FBC72B /* AppDelegate.swift */; };
		78D2AAF120925DC700FBC72B /* Main.storyboard in Resources */ = {isa = PBXBuildFile; fileRef = 78D2AAEF20925DC700FBC72B /* Main.storyboard */; };
		78D2AAF320925DC900FBC72B /* Assets.xcassets in Resources */ = {isa = PBXBuildFile; fileRef = 78D2AAF220925DC900FBC72B /* Assets.xcassets */; };
		78D2AAF620925DC900FBC72B /* LaunchScreen.storyboard in Resources */ = {isa = PBXBuildFile; fileRef = 78D2AAF420925DC900FBC72B /* LaunchScreen.storyboard */; };
		78D2AAFE20925F9400FBC72B /* LifeCollectionViewController.swift in Sources */ = {isa = PBXBuildFile; fileRef = 78D2AAFD20925F9400FBC72B /* LifeCollectionViewController.swift */; };
/* End PBXBuildFile section */

/* Begin PBXFileReference section */
		78D2AAE820925DC700FBC72B /* ProjectLife.app */ = {isa = PBXFileReference; explicitFileType = wrapper.application; includeInIndex = 0; path = ProjectLife.app; sourceTree = BUILT_PRODUCTS_DIR; };
		78D2AAEB20925DC700FBC72B /* AppDelegate.swift */ = {isa = PBXFileReference; lastKnownFileType = sourcecode.swift; path = AppDelegate.swift; sourceTree = "<group>"; };
		78D2AAF020925DC700FBC72B /* Base */ = {isa = PBXFileReference; lastKnownFileType = file.storyboard; name = Base; path = Base.lproj/Main.storyboard; sourceTree = "<group>"; };
		78D2AAF220925DC900FBC72B /* Assets.xcassets */ = {isa = PBXFileReference; lastKnownFileType = folder.assetcatalog; path = Assets.xcassets; sourceTree = "<group>"; };
		78D2AAF520925DC900FBC72B /* Base */ = {isa = PBXFileReference; lastKnownFileType = file.storyboard; name = Base; path = Base.lproj/LaunchScreen.storyboard; sourceTree = "<group>"; };
		78D2AAF720925DC900FBC72B /* Info.plist */ = {isa = PBXFileReference; lastKnownFileType = text.plist.xml; path = Info.plist; sourceTree = "<group>"; };
		78D2AAFD20925F9400FBC72B /* LifeCollectionViewController.swift */ = {isa = PBXFileReference; lastKnownFileType = sourcecode.swift; path = LifeCollectionViewController.swift; sourceTree = "<group>"; };
/* End PBXFileReference section */

/* Begin PBXFrameworksBuildPhase section */
		78D2AAE520925DC700FBC72B /* Frameworks */ = {
			isa = PBXFrameworksBuildPhase;
			buildActionMask = 2147483647;
			files = (
			);
			runOnlyForDeploymentPostprocessing = 0;
		};
/* End PBXFrameworksBuildPhase section */

/* Begin PBXGroup section */
		78D2AADF20925DC700FBC72B = {
			isa = PBXGroup;
			children = (
				78D2AAEA20925DC700FBC72B /* ProjectLife */,
				78D2AAE920925DC700FBC72B /* Products */,
			);
			sourceTree = "<group>";
		};
		78D2AAE920925DC700FBC72B /* Products */ = {
			isa = PBXGroup;
			children = (
				78D2AAE820925DC700FBC72B /* ProjectLife.app */,
			);
			name = Products;
			sourceTree = "<group>";
		};
		78D2AAEA20925DC700FBC72B /* ProjectLife */ = {
			isa = PBXGroup;
			children = (
				78D2AAEB20925DC700FBC72B /* AppDelegate.swift */,
				78D2AAFD20925F9400FBC72B /* LifeCollectionViewController.swift */,
				78D2AAEF20925DC700FBC72B /* Main.storyboard */,
				78D2AAF220925DC900FBC72B /* Assets.xcassets */,
				78D2AAF420925DC900FBC72B /* LaunchScreen.storyboard */,
				78D2AAF720925DC900FBC72B /* Info.plist */,
			);
			path = ProjectLife;
			sourceTree = "<group>";
		};
/* End PBXGroup section */

/* Begin PBXNativeTarget section */
		78D2AAE720925DC700FBC72B /* ProjectLife */ = {
			isa = PBXNativeTarget;
			buildConfigurationList = 78D2AAFA20925DC900FBC72B /* Build configuration list for PBXNativeTarget "ProjectLife" */;
			buildPhases = (
				78D2AAE420925DC700FBC72B /* Sources */,
				78D2AAE520925DC700FBC72B /* Frameworks */,
				78D2AAE620925DC700FBC72B /* Resources */,
			);
			buildRules = (
			);
			dependencies = (
			);
			name = ProjectLife;
			productName = ProjectLife;
			productReference = 78D2AAE820925DC700FBC72B /* ProjectLife.app */;
			productType = "com.apple.product-type.application";
		};
/* End PBXNativeTarget section */

/* Begin PBXProject section */
		78D2AAE020925DC700FBC72B /* Project object */ = {
			isa = PBXProject;
			attributes = {
				LastSwiftUpdateCheck = 0930;
				LastUpgradeCheck = 0930;
				ORGANIZATIONNAME = Nazar;
				TargetAttributes = {
					78D2AAE720925DC700FBC72B = {
						CreatedOnToolsVersion = 9.3;
					};
				};
			};
			buildConfigurationList = 78D2AAE320925DC700FBC72B /* Build configuration list for PBXProject "ProjectLife" */;
			compatibilityVersion = "Xcode 9.3";
			developmentRegion = en;
			hasScannedForEncodings = 0;
			knownRegions = (
				en,
				Base,
			);
			mainGroup = 78D2AADF20925DC700FBC72B;
			productRefGroup = 78D2AAE920925DC700FBC72B /* Products */;
			projectDirPath = "";
			projectRoot = "";
			targets = (
				78D2AAE720925DC700FBC72B /* ProjectLife */,
			);
		};
/* End PBXProject section */

/* Begin PBXResourcesBuildPhase section */
		78D2AAE620925DC700FBC72B /* Resources */ = {
			isa = PBXResourcesBuildPhase;
			buildActionMask = 2147483647;
			files = (
				78D2AAF620925DC900FBC72B /* LaunchScreen.storyboard in Resources */,
				78D2AAF320925DC900FBC72B /* Assets.xcassets in Resources */,
				78D2AAF120925DC700FBC72B /* Main.storyboard in Resources */,
			);
			runOnlyForDeploymentPostprocessing = 0;
		};
/* End PBXResourcesBuildPhase section */

/* Begin PBXSourcesBuildPhase section */
		78D2AAE420925DC700FBC72B /* Sources */ = {
			isa = PBXSourcesBuildPhase;
			buildActionMask = 2147483647;
			files = (
				78D2AAEC20925DC700FBC72B /* AppDelegate.swift in Sources */,
				78D2AAFE20925F9400FBC72B /* LifeCollectionViewController.swift in Sources */,
			);
			runOnlyForDeploymentPostprocessing = 0;
		};
/* End PBXSourcesBuildPhase section */

/* Begin PBXVariantGroup section */
		78D2AAEF20925DC700FBC72B /* Main.storyboard */ = {
			isa = PBXVariantGroup;
			children = (
				78D2AAF020925DC700FBC72B /* Base */,
			);
			name = Main.storyboard;
			sourceTree = "<group>";
		};
		78D2AAF420925DC900FBC72B /* LaunchScreen.storyboard */ = {
			isa = PBXVariantGroup;
			children = (
				78D2AAF520925DC900FBC72B /* Base */,
			);
			name = LaunchScreen.storyboard;
			sourceTree = "<group>";
		};
/* End PBXVariantGroup section */

/* Begin XCBuildConfiguration section */
		78D2AAF820925DC900FBC72B /* Debug */ = {
			isa = XCBuildConfiguration;
			buildSettings = {
				ALWAYS_SEARCH_USER_PATHS = NO;
				CLANG_ANALYZER_NONNULL = YES;
				CLANG_ANALYZER_NUMBER_OBJECT_CONVERSION = YES_AGGRESSIVE;
				CLANG_CXX_LANGUAGE_STANDARD = "gnu++14";
				CLANG_CXX_LIBRARY = "libc++";
				CLANG_ENABLE_MODULES = YES;
				CLANG_ENABLE_OBJC_ARC = YES;
				CLANG_ENABLE_OBJC_WEAK = YES;
				CLANG_WARN_BLOCK_CAPTURE_AUTORELEASING = YES;
				CLANG_WARN_BOOL_CONVERSION = YES;
				CLANG_WARN_COMMA = YES;
				CLANG_WARN_CONSTANT_CONVERSION = YES;
				CLANG_WARN_DEPRECATED_OBJC_IMPLEMENTATIONS = YES;
				CLANG_WARN_DIRECT_OBJC_ISA_USAGE = YES_ERROR;
				CLANG_WARN_DOCUMENTATION_COMMENTS = YES;
				CLANG_WARN_EMPTY_BODY = YES;
				CLANG_WARN_ENUM_CONVERSION = YES;
				CLANG_WARN_INFINITE_RECURSION = YES;
				CLANG_WARN_INT_CONVERSION = YES;
				CLANG_WARN_NON_LITERAL_NULL_CONVERSION = YES;
				CLANG_WARN_OBJC_IMPLICIT_RETAIN_SELF = YES;
				CLANG_WARN_OBJC_LITERAL_CONVERSION = YES;
				CLANG_WARN_OBJC_ROOT_CLASS = YES_ERROR;
				CLANG_WARN_RANGE_LOOP_ANALYSIS = YES;
				CLANG_WARN_STRICT_PROTOTYPES = YES;
				CLANG_WARN_SUSPICIOUS_MOVE = YES;
				CLANG_WARN_UNGUARDED_AVAILABILITY = YES_AGGRESSIVE;
				CLANG_WARN_UNREACHABLE_CODE = YES;
				CLANG_WARN__DUPLICATE_METHOD_MATCH = YES;
				CODE_SIGN_IDENTITY = "iPhone Developer";
				COPY_PHASE_STRIP = NO;
				DEBUG_INFORMATION_FORMAT = dwarf;
				ENABLE_STRICT_OBJC_MSGSEND = YES;
				ENABLE_TESTABILITY = YES;
				GCC_C_LANGUAGE_STANDARD = gnu11;
				GCC_DYNAMIC_NO_PIC = NO;
				GCC_NO_COMMON_BLOCKS = YES;
				GCC_OPTIMIZATION_LEVEL = 0;
				GCC_PREPROCESSOR_DEFINITIONS = (
					"DEBUG=1",
					"$(inherited)",
				);
				GCC_WARN_64_TO_32_BIT_CONVERSION = YES;
				GCC_WARN_ABOUT_RETURN_TYPE = YES_ERROR;
				GCC_WARN_UNDECLARED_SELECTOR = YES;
				GCC_WARN_UNINITIALIZED_AUTOS = YES_AGGRESSIVE;
				GCC_WARN_UNUSED_FUNCTION = YES;
				GCC_WARN_UNUSED_VARIABLE = YES;
				IPHONEOS_DEPLOYMENT_TARGET = 11.3;
				MTL_ENABLE_DEBUG_INFO = YES;
				ONLY_ACTIVE_ARCH = YES;
				SDKROOT = iphoneos;
				SWIFT_ACTIVE_COMPILATION_CONDITIONS = DEBUG;
				SWIFT_OPTIMIZATION_LEVEL = "-Onone";
			};
			name = Debug;
		};
		78D2AAF920925DC900FBC72B /* Release */ = {
			isa = XCBuildConfiguration;
			buildSettings = {
				ALWAYS_SEARCH_USER_PATHS = NO;
				CLANG_ANALYZER_NONNULL = YES;
				CLANG_ANALYZER_NUMBER_OBJECT_CONVERSION = YES_AGGRESSIVE;
				CLANG_CXX_LANGUAGE_STANDARD = "gnu++14";
				CLANG_CXX_LIBRARY = "libc++";
				CLANG_ENABLE_MODULES = YES;
				CLANG_ENABLE_OBJC_ARC = YES;
				CLANG_ENABLE_OBJC_WEAK = YES;
				CLANG_WARN_BLOCK_CAPTURE_AUTORELEASING = YES;
				CLANG_WARN_BOOL_CONVERSION = YES;
				CLANG_WARN_COMMA = YES;
				CLANG_WARN_CONSTANT_CONVERSION = YES;
				CLANG_WARN_DEPRECATED_OBJC_IMPLEMENTATIONS = YES;
				CLANG_WARN_DIRECT_OBJC_ISA_USAGE = YES_ERROR;
				CLANG_WARN_DOCUMENTATION_COMMENTS = YES;
				CLANG_WARN_EMPTY_BODY = YES;
				CLANG_WARN_ENUM_CONVERSION = YES;
				CLANG_WARN_INFINITE_RECURSION = YES;
				CLANG_WARN_INT_CONVERSION = YES;
				CLANG_WARN_NON_LITERAL_NULL_CONVERSION = YES;
				CLANG_WARN_OBJC_IMPLICIT_RETAIN_SELF = YES;
				CLANG_WARN_OBJC_LITERAL_CONVERSION = YES;
				CLANG_WARN_OBJC_ROOT_CLASS = YES_ERROR;
				CLANG_WARN_RANGE_LOOP_ANALYSIS = YES;
				CLANG_WARN_STRICT_PROTOTYPES = YES;
				CLANG_WARN_SUSPICIOUS_MOVE = YES;
				CLANG_WARN_UNGUARDED_AVAILABILITY = YES_AGGRESSIVE;
				CLANG_WARN_UNREACHABLE_CODE = YES;
				CLANG_WARN__DUPLICATE_METHOD_MATCH = YES;
				CODE_SIGN_IDENTITY = "iPhone Developer";
				COPY_PHASE_STRIP = NO;
				DEBUG_INFORMATION_FORMAT = "dwarf-with-dsym";
				ENABLE_NS_ASSERTIONS = NO;
				ENABLE_STRICT_OBJC_MSGSEND = YES;
				GCC_C_LANGUAGE_STANDARD = gnu11;
				GCC_NO_COMMON_BLOCKS = YES;
				GCC_WARN_64_TO_32_BIT_CONVERSION = YES;
				GCC_WARN_ABOUT_RETURN_TYPE = YES_ERROR;
				GCC_WARN_UNDECLARED_SELECTOR = YES;
				GCC_WARN_UNINITIALIZED_AUTOS = YES_AGGRESSIVE;
				GCC_WARN_UNUSED_FUNCTION = YES;
				GCC_WARN_UNUSED_VARIABLE = YES;
				IPHONEOS_DEPLOYMENT_TARGET = 11.3;
				MTL_ENABLE_DEBUG_INFO = NO;
				SDKROOT = iphoneos;
				SWIFT_COMPILATION_MODE = wholemodule;
				SWIFT_OPTIMIZATION_LEVEL = "-O";
				VALIDATE_PRODUCT = YES;
			};
			name = Release;
		};
		78D2AAFB20925DC900FBC72B /* Debug */ = {
			isa = XCBuildConfiguration;
			buildSettings = {
				ASSETCATALOG_COMPILER_APPICON_NAME = AppIcon;
				CODE_SIGN_STYLE = Automatic;
				DEVELOPMENT_TEAM = YB2776JFYB;
				INFOPLIST_FILE = ProjectLife/Info.plist;
				LD_RUNPATH_SEARCH_PATHS = (
					"$(inherited)",
					"@executable_path/Frameworks",
				);
				PRODUCT_BUNDLE_IDENTIFIER = com.NazarSoft.ProjectLife;
				PRODUCT_NAME = "$(TARGET_NAME)";
				SWIFT_VERSION = 4.0;
				TARGETED_DEVICE_FAMILY = "1,2";
			};
			name = Debug;
		};
		78D2AAFC20925DC900FBC72B /* Release */ = {
			isa = XCBuildConfiguration;
			buildSettings = {
				ASSETCATALOG_COMPILER_APPICON_NAME = AppIcon;
				CODE_SIGN_STYLE = Automatic;
				DEVELOPMENT_TEAM = YB2776JFYB;
				INFOPLIST_FILE = ProjectLife/Info.plist;
				LD_RUNPATH_SEARCH_PATHS = (
					"$(inherited)",
					"@executable_path/Frameworks",
				);
				PRODUCT_BUNDLE_IDENTIFIER = com.NazarSoft.ProjectLife;
				PRODUCT_NAME = "$(TARGET_NAME)";
				SWIFT_VERSION = 4.0;
				TARGETED_DEVICE_FAMILY = "1,2";
			};
			name = Release;
		};
/* End XCBuildConfiguration section */

/* Begin XCConfigurationList section */
		78D2AAE320925DC700FBC72B /* Build configuration list for PBXProject "ProjectLife" */ = {
			isa = XCConfigurationList;
			buildConfigurations = (
				78D2AAF820925DC900FBC72B /* Debug */,
				78D2AAF920925DC900FBC72B /* Release */,
			);
			defaultConfigurationIsVisible = 0;
			defaultConfigurationName = Release;
		};
		78D2AAFA20925DC900FBC72B /* Build configuration list for PBXNativeTarget "ProjectLife" */ = {
			isa = XCConfigurationList;
			buildConfigurations = (
				78D2AAFB20925DC900FBC72B /* Debug */,
				78D2AAFC20925DC900FBC72B /* Release */,
			);
			defaultConfigurationIsVisible = 0;
			defaultConfigurationName = Release;
		};
/* End XCConfigurationList section */
	};
	rootObject = 78D2AAE020925DC700FBC72B /* Project object */;
}
